
Microsoft Visual Studio Solution File, Format Version 12.00
# Visual Studio Version 17
VisualStudioVersion = 17.8.34408.163
MinimumVisualStudioVersion = 10.0.40219.1
Project("{FAE04EC0-301F-11D3-BF4B-00C04F79EFBC}") = "Algorithms.Sorting", "Algorithms.Sorting\Algorithms.Sorting.csproj", "{BC961A8A-34E7-4B42-A7B3-5B769E66F19D}"
EndProject
Project("{FAE04EC0-301F-11D3-BF4B-00C04F79EFBC}") = "Algorithms.Sorting.Console", "Algorithms.Sorting.Console\Algorithms.Sorting.Console.csproj", "{889DB775-09AD-49AC-A0BD-B0F43BE2F415}"
EndProject
Global
	GlobalSection(SolutionConfigurationPlatforms) = preSolution
		Debug|Any CPU = Debug|Any CPU
		Release|Any CPU = Release|Any CPU
	EndGlobalSection
	GlobalSection(ProjectConfigurationPlatforms) = postSolution
		{BC961A8A-34E7-4B42-A7B3-5B769E66F19D}.Debug|Any CPU.ActiveCfg = Debug|Any CPU
		{BC961A8A-34E7-4B42-A7B3-5B769E66F19D}.Debug|Any CPU.Build.0 = Debug|Any CPU
		{BC961A8A-34E7-4B42-A7B3-5B769E66F19D}.Release|Any CPU.ActiveCfg = Release|Any CPU
		{BC961A8A-34E7-4B42-A7B3-5B769E66F19D}.Release|Any CPU.Build.0 = Release|Any CPU
		{889DB775-09AD-49AC-A0BD-B0F43BE2F415}.Debug|Any CPU.ActiveCfg = Debug|Any CPU
		{889DB775-09AD-49AC-A0BD-B0F43BE2F415}.Debug|Any CPU.Build.0 = Debug|Any CPU
		{889DB775-09AD-49AC-A0BD-B0F43BE2F415}.Release|Any CPU.ActiveCfg = Release|Any CPU
		{889DB775-09AD-49AC-A0BD-B0F43BE2F415}.Release|Any CPU.Build.0 = Release|Any CPU
	EndGlobalSection
	GlobalSection(SolutionProperties) = preSolution
		HideSolutionNode = FALSE
	EndGlobalSection
	GlobalSection(ExtensibilityGlobals) = postSolution
		SolutionGuid = {241D5B68-C282-4E68-ABD8-2B08931778A1}
	EndGlobalSection
EndGlobal
